
Microsoft Visual Studio Solution File, Format Version 12.00
# Visual Studio 15
VisualStudioVersion = 15.0.26730.16
MinimumVisualStudioVersion = 10.0.40219.1
Project("{FAE04EC0-301F-11D3-BF4B-00C04F79EFBC}") = "Name-Sorter", "Name-Sorter\Name-Sorter.csproj", "{2364BE2C-CF7E-49D2-8A46-B473F2EEA387}"
EndProject
Project("{FAE04EC0-301F-11D3-BF4B-00C04F79EFBC}") = "Name-Sorter-Testing", "Name-Sorter-Testing\Name-Sorter-Testing.csproj", "{7E2C3CBE-F1E5-4DB4-81B4-8B9D449BF0B8}"
EndProject
Global
	GlobalSection(SolutionConfigurationPlatforms) = preSolution
		Debug|Any CPU = Debug|Any CPU
		Release|Any CPU = Release|Any CPU
	EndGlobalSection
	GlobalSection(ProjectConfigurationPlatforms) = postSolution
		{2364BE2C-CF7E-49D2-8A46-B473F2EEA387}.Debug|Any CPU.ActiveCfg = Debug|Any CPU
		{2364BE2C-CF7E-49D2-8A46-B473F2EEA387}.Debug|Any CPU.Build.0 = Debug|Any CPU
		{2364BE2C-CF7E-49D2-8A46-B473F2EEA387}.Release|Any CPU.ActiveCfg = Release|Any CPU
		{2364BE2C-CF7E-49D2-8A46-B473F2EEA387}.Release|Any CPU.Build.0 = Release|Any CPU
		{7E2C3CBE-F1E5-4DB4-81B4-8B9D449BF0B8}.Debug|Any CPU.ActiveCfg = Debug|Any CPU
		{7E2C3CBE-F1E5-4DB4-81B4-8B9D449BF0B8}.Debug|Any CPU.Build.0 = Debug|Any CPU
		{7E2C3CBE-F1E5-4DB4-81B4-8B9D449BF0B8}.Release|Any CPU.ActiveCfg = Release|Any CPU
		{7E2C3CBE-F1E5-4DB4-81B4-8B9D449BF0B8}.Release|Any CPU.Build.0 = Release|Any CPU
	EndGlobalSection
	GlobalSection(SolutionProperties) = preSolution
		HideSolutionNode = FALSE
	EndGlobalSection
	GlobalSection(ExtensibilityGlobals) = postSolution
		SolutionGuid = {D82860AD-7C8E-4FA7-81E0-0BFA4B68B3BE}
	EndGlobalSection
EndGlobal
